version: 6
environments:
  default:
    channels:
    - url: https://conda.anaconda.org/conda-forge/
    options:
      pypi-prerelease-mode: if-necessary-or-explicit
    packages:
      win-64:
      - conda: https://conda.anaconda.org/conda-forge/win-64/nodejs-25.2.1-he453025_2.conda
packages:
- conda: https://conda.anaconda.org/conda-forge/win-64/nodejs-25.2.1-he453025_2.conda
  sha256: abe64c5dce6d7024919807f9d5ac72729862848238e6ad6bf9ed4e721c8cc232
  md5: b965c8d527c0a5b4781e39339abc808a
  license: MIT
  license_family: MIT
  size: 30449041
  timestamp: 1769159661802
